
Microsoft Visual Studio Solution File, Format Version 12.00
# Visual Studio Version 16
VisualStudioVersion = 16.0.28922.388
MinimumVisualStudioVersion = 10.0.40219.1
Project("{FAE04EC0-301F-11D3-BF4B-00C04F79EFBC}") = "Thaliak.Network", "Thaliak.Network\Thaliak.Network.csproj", "{7FFC0D75-C761-4883-B4EA-590B28B23595}"
EndProject
Project("{FAE04EC0-301F-11D3-BF4B-00C04F79EFBC}") = "Thaliak.NetworkDemo", "Thaliak.NetworkDemo\Thaliak.NetworkDemo.csproj", "{996D04CF-3678-4994-9EA9-B99F5F5B9C10}"
EndProject
Global
	GlobalSection(SolutionConfigurationPlatforms) = preSolution
		Debug|Any CPU = Debug|Any CPU
		Debug|x64 = Debug|x64
		Debug|x86 = Debug|x86
		Release|Any CPU = Release|Any CPU
		Release|x64 = Release|x64
		Release|x86 = Release|x86
	EndGlobalSection
	GlobalSection(ProjectConfigurationPlatforms) = postSolution
		{7FFC0D75-C761-4883-B4EA-590B28B23595}.Debug|Any CPU.ActiveCfg = Debug|Any CPU
		{7FFC0D75-C761-4883-B4EA-590B28B23595}.Debug|Any CPU.Build.0 = Debug|Any CPU
		{7FFC0D75-C761-4883-B4EA-590B28B23595}.Debug|x64.ActiveCfg = Debug|x64
		{7FFC0D75-C761-4883-B4EA-590B28B23595}.Debug|x64.Build.0 = Debug|x64
		{7FFC0D75-C761-4883-B4EA-590B28B23595}.Debug|x86.ActiveCfg = Debug|x86
		{7FFC0D75-C761-4883-B4EA-590B28B23595}.Debug|x86.Build.0 = Debug|x86
		{7FFC0D75-C761-4883-B4EA-590B28B23595}.Release|Any CPU.ActiveCfg = Release|Any CPU
		{7FFC0D75-C761-4883-B4EA-590B28B23595}.Release|Any CPU.Build.0 = Release|Any CPU
		{7FFC0D75-C761-4883-B4EA-590B28B23595}.Release|x64.ActiveCfg = Release|x64
		{7FFC0D75-C761-4883-B4EA-590B28B23595}.Release|x64.Build.0 = Release|x64
		{7FFC0D75-C761-4883-B4EA-590B28B23595}.Release|x86.ActiveCfg = Release|x86
		{7FFC0D75-C761-4883-B4EA-590B28B23595}.Release|x86.Build.0 = Release|x86
		{996D04CF-3678-4994-9EA9-B99F5F5B9C10}.Debug|Any CPU.ActiveCfg = Debug|Any CPU
		{996D04CF-3678-4994-9EA9-B99F5F5B9C10}.Debug|Any CPU.Build.0 = Debug|Any CPU
		{996D04CF-3678-4994-9EA9-B99F5F5B9C10}.Debug|x64.ActiveCfg = Debug|Any CPU
		{996D04CF-3678-4994-9EA9-B99F5F5B9C10}.Debug|x64.Build.0 = Debug|Any CPU
		{996D04CF-3678-4994-9EA9-B99F5F5B9C10}.Debug|x86.ActiveCfg = Debug|Any CPU
		{996D04CF-3678-4994-9EA9-B99F5F5B9C10}.Debug|x86.Build.0 = Debug|Any CPU
		{996D04CF-3678-4994-9EA9-B99F5F5B9C10}.Release|Any CPU.ActiveCfg = Release|Any CPU
		{996D04CF-3678-4994-9EA9-B99F5F5B9C10}.Release|Any CPU.Build.0 = Release|Any CPU
		{996D04CF-3678-4994-9EA9-B99F5F5B9C10}.Release|x64.ActiveCfg = Release|Any CPU
		{996D04CF-3678-4994-9EA9-B99F5F5B9C10}.Release|x64.Build.0 = Release|Any CPU
		{996D04CF-3678-4994-9EA9-B99F5F5B9C10}.Release|x86.ActiveCfg = Release|Any CPU
		{996D04CF-3678-4994-9EA9-B99F5F5B9C10}.Release|x86.Build.0 = Release|Any CPU
	EndGlobalSection
	GlobalSection(SolutionProperties) = preSolution
		HideSolutionNode = FALSE
	EndGlobalSection
	GlobalSection(ExtensibilityGlobals) = postSolution
		SolutionGuid = {E5465AA6-9131-4442-BE2C-F4B5D5E5639C}
	EndGlobalSection
EndGlobal
